
Microsoft Visual Studio Solution File, Format Version 12.00
# Visual Studio 14
VisualStudioVersion = 14.0.23107.0
MinimumVisualStudioVersion = 10.0.40219.1
Project("{2150E333-8FDC-42A3-9474-1A3956D46DE8}") = "Solution Items", "Solution Items", "{BF3A977A-F3B3-4F22-88C0-354FCE2D37D4}"
	ProjectSection(SolutionItems) = preProject
		..\docs\index.html = ..\docs\index.html
		..\docs\index2.html = ..\docs\index2.html
		..\docs\todosample1.html = ..\docs\todosample1.html
	EndProjectSection
EndProject
Project("{2150E333-8FDC-42A3-9474-1A3956D46DE8}") = "js", "js", "{4B1AEB4F-82FC-493B-98D3-6C5012B699D1}"
	ProjectSection(SolutionItems) = preProject
		..\docs\js\todolist.js = ..\docs\js\todolist.js
	EndProjectSection
EndProject
Global
	GlobalSection(SolutionProperties) = preSolution
		HideSolutionNode = FALSE
	EndGlobalSection
EndGlobal
