
Microsoft Visual Studio Solution File, Format Version 12.00
# Visual Studio 14
VisualStudioVersion = 14.0.23107.0
MinimumVisualStudioVersion = 10.0.40219.1
Project("{FAE04EC0-301F-11D3-BF4B-00C04F79EFBC}") = "WiniumSampleProject", "WiniumSampleProject\WiniumSampleProject.csproj", "{DD757A14-E82B-4EB5-BB21-D318B76D9CA0}"
EndProject
Project("{FAE04EC0-301F-11D3-BF4B-00C04F79EFBC}") = "ConsoleApplication1", "ConsoleApplication1\ConsoleApplication1.csproj", "{7751E356-6802-4443-A44F-3B2E8D90D9D3}"
EndProject
Global
	GlobalSection(SolutionConfigurationPlatforms) = preSolution
		Debug|Any CPU = Debug|Any CPU
		Release|Any CPU = Release|Any CPU
	EndGlobalSection
	GlobalSection(ProjectConfigurationPlatforms) = postSolution
		{DD757A14-E82B-4EB5-BB21-D318B76D9CA0}.Debug|Any CPU.ActiveCfg = Debug|Any CPU
		{DD757A14-E82B-4EB5-BB21-D318B76D9CA0}.Debug|Any CPU.Build.0 = Debug|Any CPU
		{DD757A14-E82B-4EB5-BB21-D318B76D9CA0}.Release|Any CPU.ActiveCfg = Release|Any CPU
		{DD757A14-E82B-4EB5-BB21-D318B76D9CA0}.Release|Any CPU.Build.0 = Release|Any CPU
		{7751E356-6802-4443-A44F-3B2E8D90D9D3}.Debug|Any CPU.ActiveCfg = Debug|Any CPU
		{7751E356-6802-4443-A44F-3B2E8D90D9D3}.Debug|Any CPU.Build.0 = Debug|Any CPU
		{7751E356-6802-4443-A44F-3B2E8D90D9D3}.Release|Any CPU.ActiveCfg = Release|Any CPU
		{7751E356-6802-4443-A44F-3B2E8D90D9D3}.Release|Any CPU.Build.0 = Release|Any CPU
	EndGlobalSection
	GlobalSection(SolutionProperties) = preSolution
		HideSolutionNode = FALSE
	EndGlobalSection
EndGlobal
